{
  "name": "@henryavila/claudebar",
  "version": "1.3.3",
  "lockfileVersion": 3,
  "requires": true,
  "packages": {
    "": {
      "name": "@henryavila/claudebar",
      "version": "1.3.3",
      "license": "MIT",
      "bin": {
        "claudebar": "bin/cli.js"
      },
      "engines": {
        "node": ">= 18.0.0"
      }
    }
  }
}
